
Microsoft Visual Studio Solution File, Format Version 12.00
# Visual Studio 15
VisualStudioVersion = 15.0.27130.2027
MinimumVisualStudioVersion = 10.0.40219.1
Project("{FAE04EC0-301F-11D3-BF4B-00C04F79EFBC}") = "MedicX.Cli", "MedicX.Cli\MedicX.Cli.csproj", "{2C4CF850-4EFF-47B4-8598-1813FAAA21E6}"
EndProject
Project("{FAE04EC0-301F-11D3-BF4B-00C04F79EFBC}") = "MedicX.Persistence.Json", "MedicX.Persistence.Json\MedicX.Persistence.Json.csproj", "{9684B41D-C429-4B04-8CF0-0612785B398A}"
EndProject
Project("{FAE04EC0-301F-11D3-BF4B-00C04F79EFBC}") = "MedicX.Domain", "MedicX.Domain\MedicX.Domain.csproj", "{854C77F6-22F9-48A9-AE73-43E19AB9B258}"
EndProject
Project("{FAE04EC0-301F-11D3-BF4B-00C04F79EFBC}") = "MedicX.Tests", "MedicX.Tests\MedicX.Tests.csproj", "{E99E2FC7-23D8-406B-91C1-622693B6DB0C}"
EndProject
Project("{FAE04EC0-301F-11D3-BF4B-00C04F79EFBC}") = "MedicX.Wpf", "MedicX.Wpf\MedicX.Wpf.csproj", "{3370194C-0F92-4C7D-BF10-3C23F496891D}"
EndProject
Project("{FAE04EC0-301F-11D3-BF4B-00C04F79EFBC}") = "MedicX.Persistence", "MedicX.Persistence\MedicX.Persistence.csproj", "{6104E0CD-5F5A-4C47-BD41-6D4C58822928}"
EndProject
Project("{FAE04EC0-301F-11D3-BF4B-00C04F79EFBC}") = "MedicX.Wpf.CustomControls", "MedicX.Wpf.CustomControls\MedicX.Wpf.CustomControls.csproj", "{FD029E2F-49AB-47D7-B8F5-C9AD185523CB}"
EndProject
Project("{FAE04EC0-301F-11D3-BF4B-00C04F79EFBC}") = "MedicX.Wpf.StyleDemo", "MedicX.Wpf.StyleDemo\MedicX.Wpf.StyleDemo.csproj", "{8416A45E-C344-48B8-B702-20024FED77CA}"
EndProject
Project("{FAE04EC0-301F-11D3-BF4B-00C04F79EFBC}") = "MedicX.Wpf.Styles", "MedicX.Wpf.Styles\MedicX.Wpf.Styles.csproj", "{144E5445-9ACE-40F3-9CE5-558777B28EB4}"
EndProject
Project("{FAE04EC0-301F-11D3-BF4B-00C04F79EFBC}") = "MedicX.Application", "MedicX.Application\MedicX.Application.csproj", "{483072F7-D4D6-4CA9-8E3F-EB806AF2A7C3}"
EndProject
Project("{FAE04EC0-301F-11D3-BF4B-00C04F79EFBC}") = "MedicX.RequestBusModel", "MedicX.RequestBusModel\MedicX.RequestBusModel.csproj", "{791F8A5F-0520-4748-BC64-53D04B7DA669}"
EndProject
Project("{FAE04EC0-301F-11D3-BF4B-00C04F79EFBC}") = "EventBusModel", "EventBusModel\EventBusModel.csproj", "{09FEED84-EFCF-4438-8A8F-5D195712779E}"
EndProject
Project("{FAE04EC0-301F-11D3-BF4B-00C04F79EFBC}") = "MedicX.Wpf.UI", "MedicX.Wpf.UI\MedicX.Wpf.UI.csproj", "{97F4812A-AEEE-43D1-B264-A4EB1E54FEB4}"
EndProject
Project("{2150E333-8FDC-42A3-9474-1A3956D46DE8}") = "Wpf", "Wpf", "{40555C25-5C7A-4BB4-8666-75274A689DAE}"
EndProject
Project("{2150E333-8FDC-42A3-9474-1A3956D46DE8}") = "DataAccess", "DataAccess", "{DFF243B4-E961-482A-912D-05308E3F7DB7}"
EndProject
Project("{2150E333-8FDC-42A3-9474-1A3956D46DE8}") = "Console", "Console", "{094340A0-5D5B-4F86-862F-8DA6ECCCEC70}"
EndProject
Project("{2150E333-8FDC-42A3-9474-1A3956D46DE8}") = "Infrastructure", "Infrastructure", "{AD41FBB7-142F-4C0F-A2EF-4C6DCC44A548}"
EndProject
Project("{2150E333-8FDC-42A3-9474-1A3956D46DE8}") = "Business", "Business", "{859334A9-3815-4FF8-8A69-8C5984035BA1}"
EndProject
Global
	GlobalSection(SolutionConfigurationPlatforms) = preSolution
		Debug|Any CPU = Debug|Any CPU
		Release|Any CPU = Release|Any CPU
	EndGlobalSection
	GlobalSection(ProjectConfigurationPlatforms) = postSolution
		{2C4CF850-4EFF-47B4-8598-1813FAAA21E6}.Debug|Any CPU.ActiveCfg = Debug|Any CPU
		{2C4CF850-4EFF-47B4-8598-1813FAAA21E6}.Debug|Any CPU.Build.0 = Debug|Any CPU
		{2C4CF850-4EFF-47B4-8598-1813FAAA21E6}.Release|Any CPU.ActiveCfg = Release|Any CPU
		{2C4CF850-4EFF-47B4-8598-1813FAAA21E6}.Release|Any CPU.Build.0 = Release|Any CPU
		{9684B41D-C429-4B04-8CF0-0612785B398A}.Debug|Any CPU.ActiveCfg = Debug|Any CPU
		{9684B41D-C429-4B04-8CF0-0612785B398A}.Debug|Any CPU.Build.0 = Debug|Any CPU
		{9684B41D-C429-4B04-8CF0-0612785B398A}.Release|Any CPU.ActiveCfg = Release|Any CPU
		{9684B41D-C429-4B04-8CF0-0612785B398A}.Release|Any CPU.Build.0 = Release|Any CPU
		{854C77F6-22F9-48A9-AE73-43E19AB9B258}.Debug|Any CPU.ActiveCfg = Debug|Any CPU
		{854C77F6-22F9-48A9-AE73-43E19AB9B258}.Debug|Any CPU.Build.0 = Debug|Any CPU
		{854C77F6-22F9-48A9-AE73-43E19AB9B258}.Release|Any CPU.ActiveCfg = Release|Any CPU
		{854C77F6-22F9-48A9-AE73-43E19AB9B258}.Release|Any CPU.Build.0 = Release|Any CPU
		{E99E2FC7-23D8-406B-91C1-622693B6DB0C}.Debug|Any CPU.ActiveCfg = Debug|Any CPU
		{E99E2FC7-23D8-406B-91C1-622693B6DB0C}.Debug|Any CPU.Build.0 = Debug|Any CPU
		{E99E2FC7-23D8-406B-91C1-622693B6DB0C}.Release|Any CPU.ActiveCfg = Release|Any CPU
		{E99E2FC7-23D8-406B-91C1-622693B6DB0C}.Release|Any CPU.Build.0 = Release|Any CPU
		{3370194C-0F92-4C7D-BF10-3C23F496891D}.Debug|Any CPU.ActiveCfg = Debug|Any CPU
		{3370194C-0F92-4C7D-BF10-3C23F496891D}.Debug|Any CPU.Build.0 = Debug|Any CPU
		{3370194C-0F92-4C7D-BF10-3C23F496891D}.Release|Any CPU.ActiveCfg = Release|Any CPU
		{3370194C-0F92-4C7D-BF10-3C23F496891D}.Release|Any CPU.Build.0 = Release|Any CPU
		{6104E0CD-5F5A-4C47-BD41-6D4C58822928}.Debug|Any CPU.ActiveCfg = Debug|Any CPU
		{6104E0CD-5F5A-4C47-BD41-6D4C58822928}.Debug|Any CPU.Build.0 = Debug|Any CPU
		{6104E0CD-5F5A-4C47-BD41-6D4C58822928}.Release|Any CPU.ActiveCfg = Release|Any CPU
		{6104E0CD-5F5A-4C47-BD41-6D4C58822928}.Release|Any CPU.Build.0 = Release|Any CPU
		{FD029E2F-49AB-47D7-B8F5-C9AD185523CB}.Debug|Any CPU.ActiveCfg = Debug|Any CPU
		{FD029E2F-49AB-47D7-B8F5-C9AD185523CB}.Debug|Any CPU.Build.0 = Debug|Any CPU
		{FD029E2F-49AB-47D7-B8F5-C9AD185523CB}.Release|Any CPU.ActiveCfg = Release|Any CPU
		{FD029E2F-49AB-47D7-B8F5-C9AD185523CB}.Release|Any CPU.Build.0 = Release|Any CPU
		{8416A45E-C344-48B8-B702-20024FED77CA}.Debug|Any CPU.ActiveCfg = Debug|Any CPU
		{8416A45E-C344-48B8-B702-20024FED77CA}.Debug|Any CPU.Build.0 = Debug|Any CPU
		{8416A45E-C344-48B8-B702-20024FED77CA}.Release|Any CPU.ActiveCfg = Release|Any CPU
		{8416A45E-C344-48B8-B702-20024FED77CA}.Release|Any CPU.Build.0 = Release|Any CPU
		{144E5445-9ACE-40F3-9CE5-558777B28EB4}.Debug|Any CPU.ActiveCfg = Debug|Any CPU
		{144E5445-9ACE-40F3-9CE5-558777B28EB4}.Debug|Any CPU.Build.0 = Debug|Any CPU
		{144E5445-9ACE-40F3-9CE5-558777B28EB4}.Release|Any CPU.ActiveCfg = Release|Any CPU
		{144E5445-9ACE-40F3-9CE5-558777B28EB4}.Release|Any CPU.Build.0 = Release|Any CPU
		{483072F7-D4D6-4CA9-8E3F-EB806AF2A7C3}.Debug|Any CPU.ActiveCfg = Debug|Any CPU
		{483072F7-D4D6-4CA9-8E3F-EB806AF2A7C3}.Debug|Any CPU.Build.0 = Debug|Any CPU
		{483072F7-D4D6-4CA9-8E3F-EB806AF2A7C3}.Release|Any CPU.ActiveCfg = Release|Any CPU
		{483072F7-D4D6-4CA9-8E3F-EB806AF2A7C3}.Release|Any CPU.Build.0 = Release|Any CPU
		{791F8A5F-0520-4748-BC64-53D04B7DA669}.Debug|Any CPU.ActiveCfg = Debug|Any CPU
		{791F8A5F-0520-4748-BC64-53D04B7DA669}.Debug|Any CPU.Build.0 = Debug|Any CPU
		{791F8A5F-0520-4748-BC64-53D04B7DA669}.Release|Any CPU.ActiveCfg = Release|Any CPU
		{791F8A5F-0520-4748-BC64-53D04B7DA669}.Release|Any CPU.Build.0 = Release|Any CPU
		{09FEED84-EFCF-4438-8A8F-5D195712779E}.Debug|Any CPU.ActiveCfg = Debug|Any CPU
		{09FEED84-EFCF-4438-8A8F-5D195712779E}.Debug|Any CPU.Build.0 = Debug|Any CPU
		{09FEED84-EFCF-4438-8A8F-5D195712779E}.Release|Any CPU.ActiveCfg = Release|Any CPU
		{09FEED84-EFCF-4438-8A8F-5D195712779E}.Release|Any CPU.Build.0 = Release|Any CPU
		{97F4812A-AEEE-43D1-B264-A4EB1E54FEB4}.Debug|Any CPU.ActiveCfg = Debug|Any CPU
		{97F4812A-AEEE-43D1-B264-A4EB1E54FEB4}.Debug|Any CPU.Build.0 = Debug|Any CPU
		{97F4812A-AEEE-43D1-B264-A4EB1E54FEB4}.Release|Any CPU.ActiveCfg = Release|Any CPU
		{97F4812A-AEEE-43D1-B264-A4EB1E54FEB4}.Release|Any CPU.Build.0 = Release|Any CPU
	EndGlobalSection
	GlobalSection(SolutionProperties) = preSolution
		HideSolutionNode = FALSE
	EndGlobalSection
	GlobalSection(NestedProjects) = preSolution
		{2C4CF850-4EFF-47B4-8598-1813FAAA21E6} = {094340A0-5D5B-4F86-862F-8DA6ECCCEC70}
		{9684B41D-C429-4B04-8CF0-0612785B398A} = {DFF243B4-E961-482A-912D-05308E3F7DB7}
		{854C77F6-22F9-48A9-AE73-43E19AB9B258} = {859334A9-3815-4FF8-8A69-8C5984035BA1}
		{3370194C-0F92-4C7D-BF10-3C23F496891D} = {40555C25-5C7A-4BB4-8666-75274A689DAE}
		{6104E0CD-5F5A-4C47-BD41-6D4C58822928} = {DFF243B4-E961-482A-912D-05308E3F7DB7}
		{FD029E2F-49AB-47D7-B8F5-C9AD185523CB} = {40555C25-5C7A-4BB4-8666-75274A689DAE}
		{8416A45E-C344-48B8-B702-20024FED77CA} = {40555C25-5C7A-4BB4-8666-75274A689DAE}
		{144E5445-9ACE-40F3-9CE5-558777B28EB4} = {40555C25-5C7A-4BB4-8666-75274A689DAE}
		{483072F7-D4D6-4CA9-8E3F-EB806AF2A7C3} = {859334A9-3815-4FF8-8A69-8C5984035BA1}
		{791F8A5F-0520-4748-BC64-53D04B7DA669} = {AD41FBB7-142F-4C0F-A2EF-4C6DCC44A548}
		{09FEED84-EFCF-4438-8A8F-5D195712779E} = {AD41FBB7-142F-4C0F-A2EF-4C6DCC44A548}
		{97F4812A-AEEE-43D1-B264-A4EB1E54FEB4} = {40555C25-5C7A-4BB4-8666-75274A689DAE}
	EndGlobalSection
	GlobalSection(ExtensibilityGlobals) = postSolution
		SolutionGuid = {2A7BD7CF-D768-4D0F-AA4E-E4E4A80DB0B3}
	EndGlobalSection
EndGlobal
